// !$*UTF8*$!
{
	archiveVersion = 1;
	classes = {
	};
	objectVersion = 48;
	objects = {

/* Begin PBXBuildFile section */
		147B37C8204AB4EE00B45B42 /* AppDelegate.swift in Sources */ = {isa = PBXBuildFile; fileRef = 147B37C7204AB4EE00B45B42 /* AppDelegate.swift */; };
		147B37CA204AB4EE00B45B42 /* ViewController.swift in Sources */ = {isa = PBXBuildFile; fileRef = 147B37C9204AB4EE00B45B42 /* ViewController.swift */; };
		147B37CF204AB4EE00B45B42 /* Assets.xcassets in Resources */ = {isa = PBXBuildFile; fileRef = 147B37CE204AB4EE00B45B42 /* Assets.xcassets */; };
		147B37DA204AB53700B45B42 /* LaunchScreen.storyboard in Resources */ = {isa = PBXBuildFile; fileRef = 147B37D9204AB53700B45B42 /* LaunchScreen.storyboard */; };
		147B37E5204AEE1400B45B42 /* SpeechRecognizer.swift in Sources */ = {isa = PBXBuildFile; fileRef = 147B37E4204AEE1400B45B42 /* SpeechRecognizer.swift */; };
		147B37E7204AFB5700B45B42 /* SpeechSynthesizer.swift in Sources */ = {isa = PBXBuildFile; fileRef = 147B37E6204AFB5700B45B42 /* SpeechSynthesizer.swift */; };
/* End PBXBuildFile section */

/* Begin PBXFileReference section */
		147B37C4204AB4EE00B45B42 /* MyFood.app */ = {isa = PBXFileReference; explicitFileType = wrapper.application; includeInIndex = 0; path = MyFood.app; sourceTree = BUILT_PRODUCTS_DIR; };
		147B37C7204AB4EE00B45B42 /* AppDelegate.swift */ = {isa = PBXFileReference; lastKnownFileType = sourcecode.swift; path = AppDelegate.swift; sourceTree = "<group>"; };
		147B37C9204AB4EE00B45B42 /* ViewController.swift */ = {isa = PBXFileReference; lastKnownFileType = sourcecode.swift; path = ViewController.swift; sourceTree = "<group>"; };
		147B37CE204AB4EE00B45B42 /* Assets.xcassets */ = {isa = PBXFileReference; lastKnownFileType = folder.assetcatalog; path = Assets.xcassets; sourceTree = "<group>"; };
		147B37D3204AB4EE00B45B42 /* Info.plist */ = {isa = PBXFileReference; lastKnownFileType = text.plist.xml; path = Info.plist; sourceTree = "<group>"; };
		147B37D9204AB53700B45B42 /* LaunchScreen.storyboard */ = {isa = PBXFileReference; lastKnownFileType = file.storyboard; path = LaunchScreen.storyboard; sourceTree = "<group>"; };
		147B37E4204AEE1400B45B42 /* SpeechRecognizer.swift */ = {isa = PBXFileReference; lastKnownFileType = sourcecode.swift; path = SpeechRecognizer.swift; sourceTree = "<group>"; };
		147B37E6204AFB5700B45B42 /* SpeechSynthesizer.swift */ = {isa = PBXFileReference; lastKnownFileType = sourcecode.swift; path = SpeechSynthesizer.swift; sourceTree = "<group>"; };
/* End PBXFileReference section */

/* Begin PBXFrameworksBuildPhase section */
		147B37C1204AB4EE00B45B42 /* Frameworks */ = {
			isa = PBXFrameworksBuildPhase;
			buildActionMask = 2147483647;
			files = (
			);
			runOnlyForDeploymentPostprocessing = 0;
		};
/* End PBXFrameworksBuildPhase section */

/* Begin PBXGroup section */
		147B37BB204AB4EE00B45B42 = {
			isa = PBXGroup;
			children = (
				147B37C6204AB4EE00B45B42 /* MyFood */,
				147B37C5204AB4EE00B45B42 /* Products */,
			);
			sourceTree = "<group>";
		};
		147B37C5204AB4EE00B45B42 /* Products */ = {
			isa = PBXGroup;
			children = (
				147B37C4204AB4EE00B45B42 /* MyFood.app */,
			);
			name = Products;
			sourceTree = "<group>";
		};
		147B37C6204AB4EE00B45B42 /* MyFood */ = {
			isa = PBXGroup;
			children = (
				147B37DF204ACFBA00B45B42 /* Services */,
				147B37C7204AB4EE00B45B42 /* AppDelegate.swift */,
				147B37C9204AB4EE00B45B42 /* ViewController.swift */,
				147B37CE204AB4EE00B45B42 /* Assets.xcassets */,
				147B37D3204AB4EE00B45B42 /* Info.plist */,
				147B37D9204AB53700B45B42 /* LaunchScreen.storyboard */,
			);
			path = MyFood;
			sourceTree = "<group>";
		};
		147B37DF204ACFBA00B45B42 /* Services */ = {
			isa = PBXGroup;
			children = (
				147B37E4204AEE1400B45B42 /* SpeechRecognizer.swift */,
				147B37E6204AFB5700B45B42 /* SpeechSynthesizer.swift */,
			);
			path = Services;
			sourceTree = "<group>";
		};
/* End PBXGroup section */

/* Begin PBXNativeTarget section */
		147B37C3204AB4EE00B45B42 /* MyFood */ = {
			isa = PBXNativeTarget;
			buildConfigurationList = 147B37D6204AB4EE00B45B42 /* Build configuration list for PBXNativeTarget "MyFood" */;
			buildPhases = (
				147B37C0204AB4EE00B45B42 /* Sources */,
				147B37C1204AB4EE00B45B42 /* Frameworks */,
				147B37C2204AB4EE00B45B42 /* Resources */,
			);
			buildRules = (
			);
			dependencies = (
			);
			name = MyFood;
			productName = MyFood;
			productReference = 147B37C4204AB4EE00B45B42 /* MyFood.app */;
			productType = "com.apple.product-type.application";
		};
/* End PBXNativeTarget section */

/* Begin PBXProject section */
		147B37BC204AB4EE00B45B42 /* Project object */ = {
			isa = PBXProject;
			attributes = {
				LastSwiftUpdateCheck = 0920;
				LastUpgradeCheck = 0920;
				ORGANIZATIONNAME = NoName;
				TargetAttributes = {
					147B37C3204AB4EE00B45B42 = {
						CreatedOnToolsVersion = 9.2;
						LastSwiftMigration = 0920;
						ProvisioningStyle = Automatic;
					};
				};
			};
			buildConfigurationList = 147B37BF204AB4EE00B45B42 /* Build configuration list for PBXProject "MyFood" */;
			compatibilityVersion = "Xcode 8.0";
			developmentRegion = en;
			hasScannedForEncodings = 0;
			knownRegions = (
				en,
			);
			mainGroup = 147B37BB204AB4EE00B45B42;
			productRefGroup = 147B37C5204AB4EE00B45B42 /* Products */;
			projectDirPath = "";
			projectRoot = "";
			targets = (
				147B37C3204AB4EE00B45B42 /* MyFood */,
			);
		};
/* End PBXProject section */

/* Begin PBXResourcesBuildPhase section */
		147B37C2204AB4EE00B45B42 /* Resources */ = {
			isa = PBXResourcesBuildPhase;
			buildActionMask = 2147483647;
			files = (
				147B37CF204AB4EE00B45B42 /* Assets.xcassets in Resources */,
				147B37DA204AB53700B45B42 /* LaunchScreen.storyboard in Resources */,
			);
			runOnlyForDeploymentPostprocessing = 0;
		};
/* End PBXResourcesBuildPhase section */

/* Begin PBXSourcesBuildPhase section */
		147B37C0204AB4EE00B45B42 /* Sources */ = {
			isa = PBXSourcesBuildPhase;
			buildActionMask = 2147483647;
			files = (
				147B37CA204AB4EE00B45B42 /* ViewController.swift in Sources */,
				147B37E5204AEE1400B45B42 /* SpeechRecognizer.swift in Sources */,
				147B37E7204AFB5700B45B42 /* SpeechSynthesizer.swift in Sources */,
				147B37C8204AB4EE00B45B42 /* AppDelegate.swift in Sources */,
			);
			runOnlyForDeploymentPostprocessing = 0;
		};
/* End PBXSourcesBuildPhase section */

/* Begin XCBuildConfiguration section */
		147B37D4204AB4EE00B45B42 /* Debug */ = {
			isa = XCBuildConfiguration;
			buildSettings = {
				ALWAYS_SEARCH_USER_PATHS = NO;
				CLANG_ANALYZER_NONNULL = YES;
				CLANG_ANALYZER_NUMBER_OBJECT_CONVERSION = YES_AGGRESSIVE;
				CLANG_CXX_LANGUAGE_STANDARD = "gnu++14";
				CLANG_CXX_LIBRARY = "libc++";
				CLANG_ENABLE_MODULES = YES;
				CLANG_ENABLE_OBJC_ARC = YES;
				CLANG_WARN_BLOCK_CAPTURE_AUTORELEASING = YES;
				CLANG_WARN_BOOL_CONVERSION = YES;
				CLANG_WARN_COMMA = YES;
				CLANG_WARN_CONSTANT_CONVERSION = YES;
				CLANG_WARN_DIRECT_OBJC_ISA_USAGE = YES_ERROR;
				CLANG_WARN_DOCUMENTATION_COMMENTS = YES;
				CLANG_WARN_EMPTY_BODY = YES;
				CLANG_WARN_ENUM_CONVERSION = YES;
				CLANG_WARN_INFINITE_RECURSION = YES;
				CLANG_WARN_INT_CONVERSION = YES;
				CLANG_WARN_NON_LITERAL_NULL_CONVERSION = YES;
				CLANG_WARN_OBJC_LITERAL_CONVERSION = YES;
				CLANG_WARN_OBJC_ROOT_CLASS = YES_ERROR;
				CLANG_WARN_RANGE_LOOP_ANALYSIS = YES;
				CLANG_WARN_STRICT_PROTOTYPES = YES;
				CLANG_WARN_SUSPICIOUS_MOVE = YES;
				CLANG_WARN_UNGUARDED_AVAILABILITY = YES_AGGRESSIVE;
				CLANG_WARN_UNREACHABLE_CODE = YES;
				CLANG_WARN__DUPLICATE_METHOD_MATCH = YES;
				CODE_SIGN_IDENTITY = "iPhone Developer";
				COPY_PHASE_STRIP = NO;
				DEBUG_INFORMATION_FORMAT = dwarf;
				ENABLE_STRICT_OBJC_MSGSEND = YES;
				ENABLE_TESTABILITY = YES;
				GCC_C_LANGUAGE_STANDARD = gnu11;
				GCC_DYNAMIC_NO_PIC = NO;
				GCC_NO_COMMON_BLOCKS = YES;
				GCC_OPTIMIZATION_LEVEL = 0;
				GCC_PREPROCESSOR_DEFINITIONS = (
					"DEBUG=1",
					"$(inherited)",
				);
				GCC_WARN_64_TO_32_BIT_CONVERSION = YES;
				GCC_WARN_ABOUT_RETURN_TYPE = YES_ERROR;
				GCC_WARN_UNDECLARED_SELECTOR = YES;
				GCC_WARN_UNINITIALIZED_AUTOS = YES_AGGRESSIVE;
				GCC_WARN_UNUSED_FUNCTION = YES;
				GCC_WARN_UNUSED_VARIABLE = YES;
				IPHONEOS_DEPLOYMENT_TARGET = 10.0;
				MTL_ENABLE_DEBUG_INFO = YES;
				ONLY_ACTIVE_ARCH = YES;
				SDKROOT = iphoneos;
				SWIFT_ACTIVE_COMPILATION_CONDITIONS = DEBUG;
				SWIFT_OPTIMIZATION_LEVEL = "-Onone";
			};
			name = Debug;
		};
		147B37D5204AB4EE00B45B42 /* Release */ = {
			isa = XCBuildConfiguration;
			buildSettings = {
				ALWAYS_SEARCH_USER_PATHS = NO;
				CLANG_ANALYZER_NONNULL = YES;
				CLANG_ANALYZER_NUMBER_OBJECT_CONVERSION = YES_AGGRESSIVE;
				CLANG_CXX_LANGUAGE_STANDARD = "gnu++14";
				CLANG_CXX_LIBRARY = "libc++";
				CLANG_ENABLE_MODULES = YES;
				CLANG_ENABLE_OBJC_ARC = YES;
				CLANG_WARN_BLOCK_CAPTURE_AUTORELEASING = YES;
				CLANG_WARN_BOOL_CONVERSION = YES;
				CLANG_WARN_COMMA = YES;
				CLANG_WARN_CONSTANT_CONVERSION = YES;
				CLANG_WARN_DIRECT_OBJC_ISA_USAGE = YES_ERROR;
				CLANG_WARN_DOCUMENTATION_COMMENTS = YES;
				CLANG_WARN_EMPTY_BODY = YES;
				CLANG_WARN_ENUM_CONVERSION = YES;
				CLANG_WARN_INFINITE_RECURSION = YES;
				CLANG_WARN_INT_CONVERSION = YES;
				CLANG_WARN_NON_LITERAL_NULL_CONVERSION = YES;
				CLANG_WARN_OBJC_LITERAL_CONVERSION = YES;
				CLANG_WARN_OBJC_ROOT_CLASS = YES_ERROR;
				CLANG_WARN_RANGE_LOOP_ANALYSIS = YES;
				CLANG_WARN_STRICT_PROTOTYPES = YES;
				CLANG_WARN_SUSPICIOUS_MOVE = YES;
				CLANG_WARN_UNGUARDED_AVAILABILITY = YES_AGGRESSIVE;
				CLANG_WARN_UNREACHABLE_CODE = YES;
				CLANG_WARN__DUPLICATE_METHOD_MATCH = YES;
				CODE_SIGN_IDENTITY = "iPhone Developer";
				COPY_PHASE_STRIP = NO;
				DEBUG_INFORMATION_FORMAT = "dwarf-with-dsym";
				ENABLE_NS_ASSERTIONS = NO;
				ENABLE_STRICT_OBJC_MSGSEND = YES;
				GCC_C_LANGUAGE_STANDARD = gnu11;
				GCC_NO_COMMON_BLOCKS = YES;
				GCC_WARN_64_TO_32_BIT_CONVERSION = YES;
				GCC_WARN_ABOUT_RETURN_TYPE = YES_ERROR;
				GCC_WARN_UNDECLARED_SELECTOR = YES;
				GCC_WARN_UNINITIALIZED_AUTOS = YES_AGGRESSIVE;
				GCC_WARN_UNUSED_FUNCTION = YES;
				GCC_WARN_UNUSED_VARIABLE = YES;
				IPHONEOS_DEPLOYMENT_TARGET = 10.0;
				MTL_ENABLE_DEBUG_INFO = NO;
				SDKROOT = iphoneos;
				SWIFT_OPTIMIZATION_LEVEL = "-Owholemodule";
				VALIDATE_PRODUCT = YES;
			};
			name = Release;
		};
		147B37D7204AB4EE00B45B42 /* Debug */ = {
			isa = XCBuildConfiguration;
			buildSettings = {
				ASSETCATALOG_COMPILER_APPICON_NAME = AppIcon;
				CLANG_ENABLE_MODULES = YES;
				CODE_SIGN_STYLE = Automatic;
				DEVELOPMENT_TEAM = PT3B5FZTB8;
				INFOPLIST_FILE = MyFood/Info.plist;
				LD_RUNPATH_SEARCH_PATHS = "$(inherited) @executable_path/Frameworks";
				PRODUCT_BUNDLE_IDENTIFIER = no.name.MyFood;
				PRODUCT_NAME = "$(TARGET_NAME)";
				SWIFT_OPTIMIZATION_LEVEL = "-Onone";
				SWIFT_VERSION = 4.0;
				TARGETED_DEVICE_FAMILY = "1,2";
			};
			name = Debug;
		};
		147B37D8204AB4EE00B45B42 /* Release */ = {
			isa = XCBuildConfiguration;
			buildSettings = {
				ASSETCATALOG_COMPILER_APPICON_NAME = AppIcon;
				CLANG_ENABLE_MODULES = YES;
				CODE_SIGN_STYLE = Automatic;
				DEVELOPMENT_TEAM = PT3B5FZTB8;
				INFOPLIST_FILE = MyFood/Info.plist;
				LD_RUNPATH_SEARCH_PATHS = "$(inherited) @executable_path/Frameworks";
				PRODUCT_BUNDLE_IDENTIFIER = no.name.MyFood;
				PRODUCT_NAME = "$(TARGET_NAME)";
				SWIFT_VERSION = 4.0;
				TARGETED_DEVICE_FAMILY = "1,2";
			};
			name = Release;
		};
/* End XCBuildConfiguration section */

/* Begin XCConfigurationList section */
		147B37BF204AB4EE00B45B42 /* Build configuration list for PBXProject "MyFood" */ = {
			isa = XCConfigurationList;
			buildConfigurations = (
				147B37D4204AB4EE00B45B42 /* Debug */,
				147B37D5204AB4EE00B45B42 /* Release */,
			);
			defaultConfigurationIsVisible = 0;
			defaultConfigurationName = Release;
		};
		147B37D6204AB4EE00B45B42 /* Build configuration list for PBXNativeTarget "MyFood" */ = {
			isa = XCConfigurationList;
			buildConfigurations = (
				147B37D7204AB4EE00B45B42 /* Debug */,
				147B37D8204AB4EE00B45B42 /* Release */,
			);
			defaultConfigurationIsVisible = 0;
			defaultConfigurationName = Release;
		};
/* End XCConfigurationList section */
	};
	rootObject = 147B37BC204AB4EE00B45B42 /* Project object */;
}
